
Microsoft Visual Studio Solution File, Format Version 12.00
# Visual Studio 15
VisualStudioVersion = 15.0.28307.1622
MinimumVisualStudioVersion = 10.0.40219.1
Project("{8BC9CEB8-8B4A-11D0-8D11-00A0C91BC942}") = "Proyecto_Curso_CGHC", "Proyecto_Curso_CGHC\Proyecto_Curso_CGHC.vcxproj", "{5119A6FB-716C-460C-B14F-2308DE05D38B}"
EndProject
Global
	GlobalSection(SolutionConfigurationPlatforms) = preSolution
		Debug|x64 = Debug|x64
		Debug|x86 = Debug|x86
		Release|x64 = Release|x64
		Release|x86 = Release|x86
	EndGlobalSection
	GlobalSection(ProjectConfigurationPlatforms) = postSolution
		{5119A6FB-716C-460C-B14F-2308DE05D38B}.Debug|x64.ActiveCfg = Debug|x64
		{5119A6FB-716C-460C-B14F-2308DE05D38B}.Debug|x64.Build.0 = Debug|x64
		{5119A6FB-716C-460C-B14F-2308DE05D38B}.Debug|x86.ActiveCfg = Debug|Win32
		{5119A6FB-716C-460C-B14F-2308DE05D38B}.Debug|x86.Build.0 = Debug|Win32
		{5119A6FB-716C-460C-B14F-2308DE05D38B}.Release|x64.ActiveCfg = Release|x64
		{5119A6FB-716C-460C-B14F-2308DE05D38B}.Release|x64.Build.0 = Release|x64
		{5119A6FB-716C-460C-B14F-2308DE05D38B}.Release|x86.ActiveCfg = Release|Win32
		{5119A6FB-716C-460C-B14F-2308DE05D38B}.Release|x86.Build.0 = Release|Win32
	EndGlobalSection
	GlobalSection(SolutionProperties) = preSolution
		HideSolutionNode = FALSE
	EndGlobalSection
	GlobalSection(ExtensibilityGlobals) = postSolution
		SolutionGuid = {A2D62207-E5BE-46A2-8288-7665DC640015}
	EndGlobalSection
EndGlobal
